
Microsoft Visual Studio Solution File, Format Version 12.00
# Visual Studio Version 16
VisualStudioVersion = 16.0.30517.126
MinimumVisualStudioVersion = 10.0.40219.1
Project("{FAE04EC0-301F-11D3-BF4B-00C04F79EFBC}") = "LaFinca.Android", "LaFinca\LaFinca.Android\LaFinca.Android.csproj", "{1668FDB6-B0A7-4C20-AB93-99BE18E0BD31}"
EndProject
Project("{FAE04EC0-301F-11D3-BF4B-00C04F79EFBC}") = "LaFinca.iOS", "LaFinca\LaFinca.iOS\LaFinca.iOS.csproj", "{BB5E2AC8-684D-49BE-9F73-1D38D59A1107}"
EndProject
Project("{FAE04EC0-301F-11D3-BF4B-00C04F79EFBC}") = "LaFinca", "LaFinca\LaFinca\LaFinca.csproj", "{F0517FC6-17E9-4B63-BFAE-EF5206A93C9A}"
EndProject
Global
	GlobalSection(SolutionConfigurationPlatforms) = preSolution
		Debug|Any CPU = Debug|Any CPU
		Debug|iPhone = Debug|iPhone
		Debug|iPhoneSimulator = Debug|iPhoneSimulator
		Release|Any CPU = Release|Any CPU
		Release|iPhone = Release|iPhone
		Release|iPhoneSimulator = Release|iPhoneSimulator
	EndGlobalSection
	GlobalSection(ProjectConfigurationPlatforms) = postSolution
		{1668FDB6-B0A7-4C20-AB93-99BE18E0BD31}.Debug|Any CPU.ActiveCfg = Debug|Any CPU
		{1668FDB6-B0A7-4C20-AB93-99BE18E0BD31}.Debug|Any CPU.Build.0 = Debug|Any CPU
		{1668FDB6-B0A7-4C20-AB93-99BE18E0BD31}.Debug|Any CPU.Deploy.0 = Debug|Any CPU
		{1668FDB6-B0A7-4C20-AB93-99BE18E0BD31}.Debug|iPhone.ActiveCfg = Debug|Any CPU
		{1668FDB6-B0A7-4C20-AB93-99BE18E0BD31}.Debug|iPhone.Build.0 = Debug|Any CPU
		{1668FDB6-B0A7-4C20-AB93-99BE18E0BD31}.Debug|iPhone.Deploy.0 = Debug|Any CPU
		{1668FDB6-B0A7-4C20-AB93-99BE18E0BD31}.Debug|iPhoneSimulator.ActiveCfg = Debug|Any CPU
		{1668FDB6-B0A7-4C20-AB93-99BE18E0BD31}.Debug|iPhoneSimulator.Build.0 = Debug|Any CPU
		{1668FDB6-B0A7-4C20-AB93-99BE18E0BD31}.Debug|iPhoneSimulator.Deploy.0 = Debug|Any CPU
		{1668FDB6-B0A7-4C20-AB93-99BE18E0BD31}.Release|Any CPU.ActiveCfg = Release|Any CPU
		{1668FDB6-B0A7-4C20-AB93-99BE18E0BD31}.Release|Any CPU.Build.0 = Release|Any CPU
		{1668FDB6-B0A7-4C20-AB93-99BE18E0BD31}.Release|Any CPU.Deploy.0 = Release|Any CPU
		{1668FDB6-B0A7-4C20-AB93-99BE18E0BD31}.Release|iPhone.ActiveCfg = Release|Any CPU
		{1668FDB6-B0A7-4C20-AB93-99BE18E0BD31}.Release|iPhone.Build.0 = Release|Any CPU
		{1668FDB6-B0A7-4C20-AB93-99BE18E0BD31}.Release|iPhone.Deploy.0 = Release|Any CPU
		{1668FDB6-B0A7-4C20-AB93-99BE18E0BD31}.Release|iPhoneSimulator.ActiveCfg = Release|Any CPU
		{1668FDB6-B0A7-4C20-AB93-99BE18E0BD31}.Release|iPhoneSimulator.Build.0 = Release|Any CPU
		{1668FDB6-B0A7-4C20-AB93-99BE18E0BD31}.Release|iPhoneSimulator.Deploy.0 = Release|Any CPU
		{BB5E2AC8-684D-49BE-9F73-1D38D59A1107}.Debug|Any CPU.ActiveCfg = Debug|iPhone
		{BB5E2AC8-684D-49BE-9F73-1D38D59A1107}.Debug|Any CPU.Build.0 = Debug|iPhone
		{BB5E2AC8-684D-49BE-9F73-1D38D59A1107}.Debug|Any CPU.Deploy.0 = Debug|iPhone
		{BB5E2AC8-684D-49BE-9F73-1D38D59A1107}.Debug|iPhone.ActiveCfg = Debug|iPhone
		{BB5E2AC8-684D-49BE-9F73-1D38D59A1107}.Debug|iPhone.Build.0 = Debug|iPhone
		{BB5E2AC8-684D-49BE-9F73-1D38D59A1107}.Debug|iPhone.Deploy.0 = Debug|iPhone
		{BB5E2AC8-684D-49BE-9F73-1D38D59A1107}.Debug|iPhoneSimulator.ActiveCfg = Debug|iPhoneSimulator
		{BB5E2AC8-684D-49BE-9F73-1D38D59A1107}.Debug|iPhoneSimulator.Build.0 = Debug|iPhoneSimulator
		{BB5E2AC8-684D-49BE-9F73-1D38D59A1107}.Debug|iPhoneSimulator.Deploy.0 = Debug|iPhoneSimulator
		{BB5E2AC8-684D-49BE-9F73-1D38D59A1107}.Release|Any CPU.ActiveCfg = Release|iPhoneSimulator
		{BB5E2AC8-684D-49BE-9F73-1D38D59A1107}.Release|Any CPU.Build.0 = Release|iPhoneSimulator
		{BB5E2AC8-684D-49BE-9F73-1D38D59A1107}.Release|Any CPU.Deploy.0 = Release|iPhoneSimulator
		{BB5E2AC8-684D-49BE-9F73-1D38D59A1107}.Release|iPhone.ActiveCfg = Release|iPhone
		{BB5E2AC8-684D-49BE-9F73-1D38D59A1107}.Release|iPhone.Build.0 = Release|iPhone
		{BB5E2AC8-684D-49BE-9F73-1D38D59A1107}.Release|iPhone.Deploy.0 = Release|iPhone
		{BB5E2AC8-684D-49BE-9F73-1D38D59A1107}.Release|iPhoneSimulator.ActiveCfg = Release|iPhoneSimulator
		{BB5E2AC8-684D-49BE-9F73-1D38D59A1107}.Release|iPhoneSimulator.Build.0 = Release|iPhoneSimulator
		{BB5E2AC8-684D-49BE-9F73-1D38D59A1107}.Release|iPhoneSimulator.Deploy.0 = Release|iPhoneSimulator
		{F0517FC6-17E9-4B63-BFAE-EF5206A93C9A}.Debug|Any CPU.ActiveCfg = Debug|Any CPU
		{F0517FC6-17E9-4B63-BFAE-EF5206A93C9A}.Debug|Any CPU.Build.0 = Debug|Any CPU
		{F0517FC6-17E9-4B63-BFAE-EF5206A93C9A}.Debug|Any CPU.Deploy.0 = Debug|Any CPU
		{F0517FC6-17E9-4B63-BFAE-EF5206A93C9A}.Debug|iPhone.ActiveCfg = Debug|Any CPU
		{F0517FC6-17E9-4B63-BFAE-EF5206A93C9A}.Debug|iPhone.Build.0 = Debug|Any CPU
		{F0517FC6-17E9-4B63-BFAE-EF5206A93C9A}.Debug|iPhone.Deploy.0 = Debug|Any CPU
		{F0517FC6-17E9-4B63-BFAE-EF5206A93C9A}.Debug|iPhoneSimulator.ActiveCfg = Debug|Any CPU
		{F0517FC6-17E9-4B63-BFAE-EF5206A93C9A}.Debug|iPhoneSimulator.Build.0 = Debug|Any CPU
		{F0517FC6-17E9-4B63-BFAE-EF5206A93C9A}.Debug|iPhoneSimulator.Deploy.0 = Debug|Any CPU
		{F0517FC6-17E9-4B63-BFAE-EF5206A93C9A}.Release|Any CPU.ActiveCfg = Release|Any CPU
		{F0517FC6-17E9-4B63-BFAE-EF5206A93C9A}.Release|Any CPU.Build.0 = Release|Any CPU
		{F0517FC6-17E9-4B63-BFAE-EF5206A93C9A}.Release|Any CPU.Deploy.0 = Release|Any CPU
		{F0517FC6-17E9-4B63-BFAE-EF5206A93C9A}.Release|iPhone.ActiveCfg = Release|Any CPU
		{F0517FC6-17E9-4B63-BFAE-EF5206A93C9A}.Release|iPhone.Build.0 = Release|Any CPU
		{F0517FC6-17E9-4B63-BFAE-EF5206A93C9A}.Release|iPhone.Deploy.0 = Release|Any CPU
		{F0517FC6-17E9-4B63-BFAE-EF5206A93C9A}.Release|iPhoneSimulator.ActiveCfg = Release|Any CPU
		{F0517FC6-17E9-4B63-BFAE-EF5206A93C9A}.Release|iPhoneSimulator.Build.0 = Release|Any CPU
		{F0517FC6-17E9-4B63-BFAE-EF5206A93C9A}.Release|iPhoneSimulator.Deploy.0 = Release|Any CPU
	EndGlobalSection
	GlobalSection(SolutionProperties) = preSolution
		HideSolutionNode = FALSE
	EndGlobalSection
	GlobalSection(ExtensibilityGlobals) = postSolution
		SolutionGuid = {594BFF3F-7007-4D4E-893D-51E2E5E1EAFF}
	EndGlobalSection
EndGlobal
